# This file is automatically @generated by Cargo.
# It is not intended for manual editing.
[[package]]
name = "d05"
version = "0.1.0"
dependencies = [
 "simple-error",
]

[[package]]
name = "simple-error"
version = "0.2.2"
source = "registry+https://github.com/rust-lang/crates.io-index"
checksum = "634bf7bc1315698154cb1b45c1db17fcd2e5ce41f925b7b4063e971536714bf1"
